
Microsoft Visual Studio Solution File, Format Version 12.00
# Visual Studio Version 17
VisualStudioVersion = 17.0.31903.59
MinimumVisualStudioVersion = 10.0.40219.1
Project("{FAE04EC0-301F-11D3-BF4B-00C04F79EFBC}") = "Curve Master", "Curve Master\Curve Master.csproj", "{1F074203-7AB4-4EEF-90F9-E83D98071C4F}"
EndProject
Global
	GlobalSection(SolutionConfigurationPlatforms) = preSolution
		Debug|Any CPU = Debug|Any CPU
		Release|Any CPU = Release|Any CPU
	EndGlobalSection
	GlobalSection(SolutionProperties) = preSolution
		HideSolutionNode = FALSE
	EndGlobalSection
	GlobalSection(ProjectConfigurationPlatforms) = postSolution
		{1F074203-7AB4-4EEF-90F9-E83D98071C4F}.Debug|Any CPU.ActiveCfg = Debug|Any CPU
		{1F074203-7AB4-4EEF-90F9-E83D98071C4F}.Debug|Any CPU.Build.0 = Debug|Any CPU
		{1F074203-7AB4-4EEF-90F9-E83D98071C4F}.Release|Any CPU.ActiveCfg = Release|Any CPU
		{1F074203-7AB4-4EEF-90F9-E83D98071C4F}.Release|Any CPU.Build.0 = Release|Any CPU
	EndGlobalSection
EndGlobal
